
Microsoft Visual Studio Solution File, Format Version 12.00
# Visual Studio Version 16
VisualStudioVersion = 16.0.810.11
MinimumVisualStudioVersion = 10.0.40219.1
Project("{FAE04EC0-301F-11D3-BF4B-00C04F79EFBC}") = "ApisKanyeandRon", "ApisKanyeandRon\ApisKanyeandRon.csproj", "{AD326025-3C74-4B3F-896E-87C67047C244}"
EndProject
Global
	GlobalSection(SolutionConfigurationPlatforms) = preSolution
		Debug|Any CPU = Debug|Any CPU
		Release|Any CPU = Release|Any CPU
	EndGlobalSection
	GlobalSection(ProjectConfigurationPlatforms) = postSolution
		{AD326025-3C74-4B3F-896E-87C67047C244}.Debug|Any CPU.ActiveCfg = Debug|Any CPU
		{AD326025-3C74-4B3F-896E-87C67047C244}.Debug|Any CPU.Build.0 = Debug|Any CPU
		{AD326025-3C74-4B3F-896E-87C67047C244}.Release|Any CPU.ActiveCfg = Release|Any CPU
		{AD326025-3C74-4B3F-896E-87C67047C244}.Release|Any CPU.Build.0 = Release|Any CPU
	EndGlobalSection
	GlobalSection(SolutionProperties) = preSolution
		HideSolutionNode = FALSE
	EndGlobalSection
	GlobalSection(ExtensibilityGlobals) = postSolution
		SolutionGuid = {B2E649D5-8136-4FAD-907F-8E92F7347B6C}
	EndGlobalSection
EndGlobal
